
Microsoft Visual Studio Solution File, Format Version 12.00
# Visual Studio Version 17
VisualStudioVersion = 17.0.31903.59
MinimumVisualStudioVersion = 10.0.40219.1
Project("{9A19103F-16F7-4668-BE54-9A1E7A4F7556}") = "TodoApp.WinUI3", "TodoApp.WinUI3\TodoApp.WinUI3.csproj", "{D783EDE7-D3A2-44D3-8C97-38AFFF9A4555}"
EndProject
Project("{9A19103F-16F7-4668-BE54-9A1E7A4F7556}") = "TodoApp.MAUI", "TodoApp.MAUI\TodoApp.MAUI.csproj", "{00430043-04C5-4F8F-87A9-98ECC0051808}"
EndProject
Project("{FAE04EC0-301F-11D3-BF4B-00C04F79EFBC}") = "TodoApp.WPF", "TodoApp.WPF\TodoApp.WPF.csproj", "{A0996FB8-890D-4E90-A881-01F9EF709711}"
EndProject
Project("{FAE04EC0-301F-11D3-BF4B-00C04F79EFBC}") = "TodoApp.Service", "TodoApp.Service\TodoApp.Service.csproj", "{CB2DBE83-F4B1-4BB5-B983-7BBEB26803BB}"
EndProject
Project("{2150E333-8FDC-42A3-9474-1A3956D46DE8}") = "clients", "clients", "{065F6FA8-2BB4-4D90-93FB-EB37EC66405E}"
EndProject
Project("{2150E333-8FDC-42A3-9474-1A3956D46DE8}") = "server", "server", "{1A77920E-4BD0-42A9-A664-B5E6AD354E24}"
EndProject
Project("{2150E333-8FDC-42A3-9474-1A3956D46DE8}") = "shared", "shared", "{F571A917-9B1F-41E2-A08D-C9CEC10299C8}"
	ProjectSection(SolutionItems) = preProject
		.gitignore = .gitignore
		azure.yaml = azure.yaml
		Directory.Packages.props = Directory.Packages.props
	EndProjectSection
EndProject
Global
	GlobalSection(SolutionConfigurationPlatforms) = preSolution
		Debug|Any CPU = Debug|Any CPU
		Debug|ARM64 = Debug|ARM64
		Debug|x64 = Debug|x64
		Debug|x86 = Debug|x86
		Release|Any CPU = Release|Any CPU
		Release|ARM64 = Release|ARM64
		Release|x64 = Release|x64
		Release|x86 = Release|x86
	EndGlobalSection
	GlobalSection(ProjectConfigurationPlatforms) = postSolution
		{D783EDE7-D3A2-44D3-8C97-38AFFF9A4555}.Debug|Any CPU.ActiveCfg = Debug|x64
		{D783EDE7-D3A2-44D3-8C97-38AFFF9A4555}.Debug|Any CPU.Build.0 = Debug|x64
		{D783EDE7-D3A2-44D3-8C97-38AFFF9A4555}.Debug|Any CPU.Deploy.0 = Debug|x64
		{D783EDE7-D3A2-44D3-8C97-38AFFF9A4555}.Debug|ARM64.ActiveCfg = Debug|ARM64
		{D783EDE7-D3A2-44D3-8C97-38AFFF9A4555}.Debug|ARM64.Build.0 = Debug|ARM64
		{D783EDE7-D3A2-44D3-8C97-38AFFF9A4555}.Debug|ARM64.Deploy.0 = Debug|ARM64
		{D783EDE7-D3A2-44D3-8C97-38AFFF9A4555}.Debug|x64.ActiveCfg = Debug|x64
		{D783EDE7-D3A2-44D3-8C97-38AFFF9A4555}.Debug|x64.Build.0 = Debug|x64
		{D783EDE7-D3A2-44D3-8C97-38AFFF9A4555}.Debug|x64.Deploy.0 = Debug|x64
		{D783EDE7-D3A2-44D3-8C97-38AFFF9A4555}.Debug|x86.ActiveCfg = Debug|x86
		{D783EDE7-D3A2-44D3-8C97-38AFFF9A4555}.Debug|x86.Build.0 = Debug|x86
		{D783EDE7-D3A2-44D3-8C97-38AFFF9A4555}.Debug|x86.Deploy.0 = Debug|x86
		{D783EDE7-D3A2-44D3-8C97-38AFFF9A4555}.Release|Any CPU.ActiveCfg = Release|x64
		{D783EDE7-D3A2-44D3-8C97-38AFFF9A4555}.Release|Any CPU.Build.0 = Release|x64
		{D783EDE7-D3A2-44D3-8C97-38AFFF9A4555}.Release|Any CPU.Deploy.0 = Release|x64
		{D783EDE7-D3A2-44D3-8C97-38AFFF9A4555}.Release|ARM64.ActiveCfg = Release|ARM64
		{D783EDE7-D3A2-44D3-8C97-38AFFF9A4555}.Release|ARM64.Build.0 = Release|ARM64
		{D783EDE7-D3A2-44D3-8C97-38AFFF9A4555}.Release|ARM64.Deploy.0 = Release|ARM64
		{D783EDE7-D3A2-44D3-8C97-38AFFF9A4555}.Release|x64.ActiveCfg = Release|x64
		{D783EDE7-D3A2-44D3-8C97-38AFFF9A4555}.Release|x64.Build.0 = Release|x64
		{D783EDE7-D3A2-44D3-8C97-38AFFF9A4555}.Release|x64.Deploy.0 = Release|x64
		{D783EDE7-D3A2-44D3-8C97-38AFFF9A4555}.Release|x86.ActiveCfg = Release|x86
		{D783EDE7-D3A2-44D3-8C97-38AFFF9A4555}.Release|x86.Build.0 = Release|x86
		{D783EDE7-D3A2-44D3-8C97-38AFFF9A4555}.Release|x86.Deploy.0 = Release|x86
		{00430043-04C5-4F8F-87A9-98ECC0051808}.Debug|Any CPU.ActiveCfg = Debug|Any CPU
		{00430043-04C5-4F8F-87A9-98ECC0051808}.Debug|Any CPU.Build.0 = Debug|Any CPU
		{00430043-04C5-4F8F-87A9-98ECC0051808}.Debug|Any CPU.Deploy.0 = Debug|Any CPU
		{00430043-04C5-4F8F-87A9-98ECC0051808}.Debug|ARM64.ActiveCfg = Debug|Any CPU
		{00430043-04C5-4F8F-87A9-98ECC0051808}.Debug|ARM64.Build.0 = Debug|Any CPU
		{00430043-04C5-4F8F-87A9-98ECC0051808}.Debug|ARM64.Deploy.0 = Debug|Any CPU
		{00430043-04C5-4F8F-87A9-98ECC0051808}.Debug|x64.ActiveCfg = Debug|Any CPU
		{00430043-04C5-4F8F-87A9-98ECC0051808}.Debug|x64.Build.0 = Debug|Any CPU
		{00430043-04C5-4F8F-87A9-98ECC0051808}.Debug|x64.Deploy.0 = Debug|Any CPU
		{00430043-04C5-4F8F-87A9-98ECC0051808}.Debug|x86.ActiveCfg = Debug|Any CPU
		{00430043-04C5-4F8F-87A9-98ECC0051808}.Debug|x86.Build.0 = Debug|Any CPU
		{00430043-04C5-4F8F-87A9-98ECC0051808}.Debug|x86.Deploy.0 = Debug|Any CPU
		{00430043-04C5-4F8F-87A9-98ECC0051808}.Release|Any CPU.ActiveCfg = Release|Any CPU
		{00430043-04C5-4F8F-87A9-98ECC0051808}.Release|Any CPU.Build.0 = Release|Any CPU
		{00430043-04C5-4F8F-87A9-98ECC0051808}.Release|Any CPU.Deploy.0 = Release|Any CPU
		{00430043-04C5-4F8F-87A9-98ECC0051808}.Release|ARM64.ActiveCfg = Release|Any CPU
		{00430043-04C5-4F8F-87A9-98ECC0051808}.Release|ARM64.Build.0 = Release|Any CPU
		{00430043-04C5-4F8F-87A9-98ECC0051808}.Release|ARM64.Deploy.0 = Release|Any CPU
		{00430043-04C5-4F8F-87A9-98ECC0051808}.Release|x64.ActiveCfg = Release|Any CPU
		{00430043-04C5-4F8F-87A9-98ECC0051808}.Release|x64.Build.0 = Release|Any CPU
		{00430043-04C5-4F8F-87A9-98ECC0051808}.Release|x64.Deploy.0 = Release|Any CPU
		{00430043-04C5-4F8F-87A9-98ECC0051808}.Release|x86.ActiveCfg = Release|Any CPU
		{00430043-04C5-4F8F-87A9-98ECC0051808}.Release|x86.Build.0 = Release|Any CPU
		{00430043-04C5-4F8F-87A9-98ECC0051808}.Release|x86.Deploy.0 = Release|Any CPU
		{A0996FB8-890D-4E90-A881-01F9EF709711}.Debug|Any CPU.ActiveCfg = Debug|Any CPU
		{A0996FB8-890D-4E90-A881-01F9EF709711}.Debug|Any CPU.Build.0 = Debug|Any CPU
		{A0996FB8-890D-4E90-A881-01F9EF709711}.Debug|ARM64.ActiveCfg = Debug|Any CPU
		{A0996FB8-890D-4E90-A881-01F9EF709711}.Debug|ARM64.Build.0 = Debug|Any CPU
		{A0996FB8-890D-4E90-A881-01F9EF709711}.Debug|x64.ActiveCfg = Debug|Any CPU
		{A0996FB8-890D-4E90-A881-01F9EF709711}.Debug|x64.Build.0 = Debug|Any CPU
		{A0996FB8-890D-4E90-A881-01F9EF709711}.Debug|x86.ActiveCfg = Debug|Any CPU
		{A0996FB8-890D-4E90-A881-01F9EF709711}.Debug|x86.Build.0 = Debug|Any CPU
		{A0996FB8-890D-4E90-A881-01F9EF709711}.Release|Any CPU.ActiveCfg = Release|Any CPU
		{A0996FB8-890D-4E90-A881-01F9EF709711}.Release|Any CPU.Build.0 = Release|Any CPU
		{A0996FB8-890D-4E90-A881-01F9EF709711}.Release|ARM64.ActiveCfg = Release|Any CPU
		{A0996FB8-890D-4E90-A881-01F9EF709711}.Release|ARM64.Build.0 = Release|Any CPU
		{A0996FB8-890D-4E90-A881-01F9EF709711}.Release|x64.ActiveCfg = Release|Any CPU
		{A0996FB8-890D-4E90-A881-01F9EF709711}.Release|x64.Build.0 = Release|Any CPU
		{A0996FB8-890D-4E90-A881-01F9EF709711}.Release|x86.ActiveCfg = Release|Any CPU
		{A0996FB8-890D-4E90-A881-01F9EF709711}.Release|x86.Build.0 = Release|Any CPU
		{CB2DBE83-F4B1-4BB5-B983-7BBEB26803BB}.Debug|Any CPU.ActiveCfg = Debug|Any CPU
		{CB2DBE83-F4B1-4BB5-B983-7BBEB26803BB}.Debug|Any CPU.Build.0 = Debug|Any CPU
		{CB2DBE83-F4B1-4BB5-B983-7BBEB26803BB}.Debug|ARM64.ActiveCfg = Debug|Any CPU
		{CB2DBE83-F4B1-4BB5-B983-7BBEB26803BB}.Debug|ARM64.Build.0 = Debug|Any CPU
		{CB2DBE83-F4B1-4BB5-B983-7BBEB26803BB}.Debug|x64.ActiveCfg = Debug|Any CPU
		{CB2DBE83-F4B1-4BB5-B983-7BBEB26803BB}.Debug|x64.Build.0 = Debug|Any CPU
		{CB2DBE83-F4B1-4BB5-B983-7BBEB26803BB}.Debug|x86.ActiveCfg = Debug|Any CPU
		{CB2DBE83-F4B1-4BB5-B983-7BBEB26803BB}.Debug|x86.Build.0 = Debug|Any CPU
		{CB2DBE83-F4B1-4BB5-B983-7BBEB26803BB}.Release|Any CPU.ActiveCfg = Release|Any CPU
		{CB2DBE83-F4B1-4BB5-B983-7BBEB26803BB}.Release|Any CPU.Build.0 = Release|Any CPU
		{CB2DBE83-F4B1-4BB5-B983-7BBEB26803BB}.Release|ARM64.ActiveCfg = Release|Any CPU
		{CB2DBE83-F4B1-4BB5-B983-7BBEB26803BB}.Release|ARM64.Build.0 = Release|Any CPU
		{CB2DBE83-F4B1-4BB5-B983-7BBEB26803BB}.Release|x64.ActiveCfg = Release|Any CPU
		{CB2DBE83-F4B1-4BB5-B983-7BBEB26803BB}.Release|x64.Build.0 = Release|Any CPU
		{CB2DBE83-F4B1-4BB5-B983-7BBEB26803BB}.Release|x86.ActiveCfg = Release|Any CPU
		{CB2DBE83-F4B1-4BB5-B983-7BBEB26803BB}.Release|x86.Build.0 = Release|Any CPU
	EndGlobalSection
	GlobalSection(SolutionProperties) = preSolution
		HideSolutionNode = FALSE
	EndGlobalSection
	GlobalSection(NestedProjects) = preSolution
		{D783EDE7-D3A2-44D3-8C97-38AFFF9A4555} = {065F6FA8-2BB4-4D90-93FB-EB37EC66405E}
		{00430043-04C5-4F8F-87A9-98ECC0051808} = {065F6FA8-2BB4-4D90-93FB-EB37EC66405E}
		{A0996FB8-890D-4E90-A881-01F9EF709711} = {065F6FA8-2BB4-4D90-93FB-EB37EC66405E}
		{CB2DBE83-F4B1-4BB5-B983-7BBEB26803BB} = {1A77920E-4BD0-42A9-A664-B5E6AD354E24}
	EndGlobalSection
	GlobalSection(ExtensibilityGlobals) = postSolution
		SolutionGuid = {91B9DE2A-8B79-4DC4-8235-216CD07F1CB2}
	EndGlobalSection
EndGlobal
